
Microsoft Visual Studio Solution File, Format Version 11.00
# Visual Studio 2010
Project("{FAE04EC0-301F-11D3-BF4B-00C04F79EFBC}") = "MadmucFarm", "MadmucFarm\MadmucFarm.csproj", "{E9DA0E35-BA88-4CF4-9284-88AAE59BA979}"
EndProject
Global
	GlobalSection(SolutionConfigurationPlatforms) = preSolution
		Debug|iPhoneSimulator = Debug|iPhoneSimulator
		Release|iPhoneSimulator = Release|iPhoneSimulator
		Debug|iPhone = Debug|iPhone
		Release|iPhone = Release|iPhone
		Ad-Hoc|iPhone = Ad-Hoc|iPhone
		AppStore|iPhone = AppStore|iPhone
	EndGlobalSection
	GlobalSection(ProjectConfigurationPlatforms) = postSolution
		{E9DA0E35-BA88-4CF4-9284-88AAE59BA979}.Ad-Hoc|iPhone.ActiveCfg = Ad-Hoc|iPhone
		{E9DA0E35-BA88-4CF4-9284-88AAE59BA979}.Ad-Hoc|iPhone.Build.0 = Ad-Hoc|iPhone
		{E9DA0E35-BA88-4CF4-9284-88AAE59BA979}.AppStore|iPhone.ActiveCfg = AppStore|iPhone
		{E9DA0E35-BA88-4CF4-9284-88AAE59BA979}.AppStore|iPhone.Build.0 = AppStore|iPhone
		{E9DA0E35-BA88-4CF4-9284-88AAE59BA979}.Debug|iPhone.ActiveCfg = Debug|iPhone
		{E9DA0E35-BA88-4CF4-9284-88AAE59BA979}.Debug|iPhone.Build.0 = Debug|iPhone
		{E9DA0E35-BA88-4CF4-9284-88AAE59BA979}.Debug|iPhoneSimulator.ActiveCfg = Debug|iPhoneSimulator
		{E9DA0E35-BA88-4CF4-9284-88AAE59BA979}.Debug|iPhoneSimulator.Build.0 = Debug|iPhoneSimulator
		{E9DA0E35-BA88-4CF4-9284-88AAE59BA979}.Release|iPhone.ActiveCfg = Release|iPhone
		{E9DA0E35-BA88-4CF4-9284-88AAE59BA979}.Release|iPhone.Build.0 = Release|iPhone
		{E9DA0E35-BA88-4CF4-9284-88AAE59BA979}.Release|iPhoneSimulator.ActiveCfg = Release|iPhoneSimulator
		{E9DA0E35-BA88-4CF4-9284-88AAE59BA979}.Release|iPhoneSimulator.Build.0 = Release|iPhoneSimulator
	EndGlobalSection
	GlobalSection(MonoDevelopProperties) = preSolution
		StartupItem = MadmucFarm\MadmucFarm.csproj
	EndGlobalSection
EndGlobal
